
Microsoft Visual Studio Solution File, Format Version 12.00
# Visual Studio Version 17
VisualStudioVersion = 17.11.35222.181
MinimumVisualStudioVersion = 10.0.40219.1
Project("{F184B08F-C81C-45F6-A57F-5ABD9991F28F}") = "multiplo3y5", "multiplo3y5\multiplo3y5.vbproj", "{D51939E9-2ECE-4775-AA9D-ABEE280A5608}"
EndProject
Global
	GlobalSection(SolutionConfigurationPlatforms) = preSolution
		Debug|Any CPU = Debug|Any CPU
		Release|Any CPU = Release|Any CPU
	EndGlobalSection
	GlobalSection(ProjectConfigurationPlatforms) = postSolution
		{D51939E9-2ECE-4775-AA9D-ABEE280A5608}.Debug|Any CPU.ActiveCfg = Debug|Any CPU
		{D51939E9-2ECE-4775-AA9D-ABEE280A5608}.Debug|Any CPU.Build.0 = Debug|Any CPU
		{D51939E9-2ECE-4775-AA9D-ABEE280A5608}.Release|Any CPU.ActiveCfg = Release|Any CPU
		{D51939E9-2ECE-4775-AA9D-ABEE280A5608}.Release|Any CPU.Build.0 = Release|Any CPU
	EndGlobalSection
	GlobalSection(SolutionProperties) = preSolution
		HideSolutionNode = FALSE
	EndGlobalSection
	GlobalSection(ExtensibilityGlobals) = postSolution
		SolutionGuid = {8302B85D-007B-4D68-925E-2016F9E77C0D}
	EndGlobalSection
EndGlobal
