
Microsoft Visual Studio Solution File, Format Version 12.00
# Visual Studio Version 17
VisualStudioVersion = 17.11.35222.181
MinimumVisualStudioVersion = 10.0.40219.1
Project("{F184B08F-C81C-45F6-A57F-5ABD9991F28F}") = "parametros", "parametros\parametros.vbproj", "{87CE44DF-7BF8-48A4-841E-3800B6212CF2}"
EndProject
Global
	GlobalSection(SolutionConfigurationPlatforms) = preSolution
		Debug|Any CPU = Debug|Any CPU
		Release|Any CPU = Release|Any CPU
	EndGlobalSection
	GlobalSection(ProjectConfigurationPlatforms) = postSolution
		{87CE44DF-7BF8-48A4-841E-3800B6212CF2}.Debug|Any CPU.ActiveCfg = Debug|Any CPU
		{87CE44DF-7BF8-48A4-841E-3800B6212CF2}.Debug|Any CPU.Build.0 = Debug|Any CPU
		{87CE44DF-7BF8-48A4-841E-3800B6212CF2}.Release|Any CPU.ActiveCfg = Release|Any CPU
		{87CE44DF-7BF8-48A4-841E-3800B6212CF2}.Release|Any CPU.Build.0 = Release|Any CPU
	EndGlobalSection
	GlobalSection(SolutionProperties) = preSolution
		HideSolutionNode = FALSE
	EndGlobalSection
	GlobalSection(ExtensibilityGlobals) = postSolution
		SolutionGuid = {852939CD-3E1D-45EF-9059-8457883F3234}
	EndGlobalSection
EndGlobal
