
Microsoft Visual Studio Solution File, Format Version 12.00
# Visual Studio Version 17
VisualStudioVersion = 17.11.35222.181
MinimumVisualStudioVersion = 10.0.40219.1
Project("{F184B08F-C81C-45F6-A57F-5ABD9991F28F}") = "herencia1", "herencia1\herencia1.vbproj", "{0990AF0E-074D-4734-8206-8A197361522F}"
EndProject
Global
	GlobalSection(SolutionConfigurationPlatforms) = preSolution
		Debug|Any CPU = Debug|Any CPU
		Release|Any CPU = Release|Any CPU
	EndGlobalSection
	GlobalSection(ProjectConfigurationPlatforms) = postSolution
		{0990AF0E-074D-4734-8206-8A197361522F}.Debug|Any CPU.ActiveCfg = Debug|Any CPU
		{0990AF0E-074D-4734-8206-8A197361522F}.Debug|Any CPU.Build.0 = Debug|Any CPU
		{0990AF0E-074D-4734-8206-8A197361522F}.Release|Any CPU.ActiveCfg = Release|Any CPU
		{0990AF0E-074D-4734-8206-8A197361522F}.Release|Any CPU.Build.0 = Release|Any CPU
	EndGlobalSection
	GlobalSection(SolutionProperties) = preSolution
		HideSolutionNode = FALSE
	EndGlobalSection
	GlobalSection(ExtensibilityGlobals) = postSolution
		SolutionGuid = {C6A605DC-F53C-4059-BEE6-810B468749AB}
	EndGlobalSection
EndGlobal
