
Microsoft Visual Studio Solution File, Format Version 12.00
# Visual Studio Version 17
VisualStudioVersion = 17.11.35222.181
MinimumVisualStudioVersion = 10.0.40219.1
Project("{F184B08F-C81C-45F6-A57F-5ABD9991F28F}") = "VectoresSuelldo", "VectoresSuelldo\VectoresSuelldo.vbproj", "{9079EA6A-E5A1-4409-824B-0913F210AA56}"
EndProject
Global
	GlobalSection(SolutionConfigurationPlatforms) = preSolution
		Debug|Any CPU = Debug|Any CPU
		Release|Any CPU = Release|Any CPU
	EndGlobalSection
	GlobalSection(ProjectConfigurationPlatforms) = postSolution
		{9079EA6A-E5A1-4409-824B-0913F210AA56}.Debug|Any CPU.ActiveCfg = Debug|Any CPU
		{9079EA6A-E5A1-4409-824B-0913F210AA56}.Debug|Any CPU.Build.0 = Debug|Any CPU
		{9079EA6A-E5A1-4409-824B-0913F210AA56}.Release|Any CPU.ActiveCfg = Release|Any CPU
		{9079EA6A-E5A1-4409-824B-0913F210AA56}.Release|Any CPU.Build.0 = Release|Any CPU
	EndGlobalSection
	GlobalSection(SolutionProperties) = preSolution
		HideSolutionNode = FALSE
	EndGlobalSection
	GlobalSection(ExtensibilityGlobals) = postSolution
		SolutionGuid = {4F566609-76F5-4C74-990D-F82BD8F73C0D}
	EndGlobalSection
EndGlobal
