
Microsoft Visual Studio Solution File, Format Version 12.00
# Visual Studio Version 17
VisualStudioVersion = 17.11.35222.181
MinimumVisualStudioVersion = 10.0.40219.1
Project("{F184B08F-C81C-45F6-A57F-5ABD9991F28F}") = "class3", "class3\class3.vbproj", "{B6C7A29E-2C06-4F21-B6F9-448EA9517854}"
EndProject
Global
	GlobalSection(SolutionConfigurationPlatforms) = preSolution
		Debug|Any CPU = Debug|Any CPU
		Release|Any CPU = Release|Any CPU
	EndGlobalSection
	GlobalSection(ProjectConfigurationPlatforms) = postSolution
		{B6C7A29E-2C06-4F21-B6F9-448EA9517854}.Debug|Any CPU.ActiveCfg = Debug|Any CPU
		{B6C7A29E-2C06-4F21-B6F9-448EA9517854}.Debug|Any CPU.Build.0 = Debug|Any CPU
		{B6C7A29E-2C06-4F21-B6F9-448EA9517854}.Release|Any CPU.ActiveCfg = Release|Any CPU
		{B6C7A29E-2C06-4F21-B6F9-448EA9517854}.Release|Any CPU.Build.0 = Release|Any CPU
	EndGlobalSection
	GlobalSection(SolutionProperties) = preSolution
		HideSolutionNode = FALSE
	EndGlobalSection
	GlobalSection(ExtensibilityGlobals) = postSolution
		SolutionGuid = {38426BBF-FC81-44AD-8038-EDB2DC925ECB}
	EndGlobalSection
EndGlobal
