
Microsoft Visual Studio Solution File, Format Version 12.00
# Visual Studio Version 17
VisualStudioVersion = 17.11.35222.181
MinimumVisualStudioVersion = 10.0.40219.1
Project("{F184B08F-C81C-45F6-A57F-5ABD9991F28F}") = "class1", "class1\class1.vbproj", "{AE5E4FE4-10DC-4458-AB24-627B4707EF44}"
EndProject
Global
	GlobalSection(SolutionConfigurationPlatforms) = preSolution
		Debug|Any CPU = Debug|Any CPU
		Release|Any CPU = Release|Any CPU
	EndGlobalSection
	GlobalSection(ProjectConfigurationPlatforms) = postSolution
		{AE5E4FE4-10DC-4458-AB24-627B4707EF44}.Debug|Any CPU.ActiveCfg = Debug|Any CPU
		{AE5E4FE4-10DC-4458-AB24-627B4707EF44}.Debug|Any CPU.Build.0 = Debug|Any CPU
		{AE5E4FE4-10DC-4458-AB24-627B4707EF44}.Release|Any CPU.ActiveCfg = Release|Any CPU
		{AE5E4FE4-10DC-4458-AB24-627B4707EF44}.Release|Any CPU.Build.0 = Release|Any CPU
	EndGlobalSection
	GlobalSection(SolutionProperties) = preSolution
		HideSolutionNode = FALSE
	EndGlobalSection
	GlobalSection(ExtensibilityGlobals) = postSolution
		SolutionGuid = {F30EC90F-ED81-47B5-B147-01A38D907D35}
	EndGlobalSection
EndGlobal
