
Microsoft Visual Studio Solution File, Format Version 12.00
# Visual Studio Version 17
VisualStudioVersion = 17.11.35312.102
MinimumVisualStudioVersion = 10.0.40219.1
Project("{F184B08F-C81C-45F6-A57F-5ABD9991F28F}") = "operadores", "operadores\operadores.vbproj", "{2B412BD2-172F-4859-A058-42841E1FC318}"
EndProject
Global
	GlobalSection(SolutionConfigurationPlatforms) = preSolution
		Debug|Any CPU = Debug|Any CPU
		Release|Any CPU = Release|Any CPU
	EndGlobalSection
	GlobalSection(ProjectConfigurationPlatforms) = postSolution
		{2B412BD2-172F-4859-A058-42841E1FC318}.Debug|Any CPU.ActiveCfg = Debug|Any CPU
		{2B412BD2-172F-4859-A058-42841E1FC318}.Debug|Any CPU.Build.0 = Debug|Any CPU
		{2B412BD2-172F-4859-A058-42841E1FC318}.Release|Any CPU.ActiveCfg = Release|Any CPU
		{2B412BD2-172F-4859-A058-42841E1FC318}.Release|Any CPU.Build.0 = Release|Any CPU
	EndGlobalSection
	GlobalSection(SolutionProperties) = preSolution
		HideSolutionNode = FALSE
	EndGlobalSection
	GlobalSection(ExtensibilityGlobals) = postSolution
		SolutionGuid = {2C3FB952-8EC6-4BF8-985B-FC308F420EAC}
	EndGlobalSection
EndGlobal
